
Microsoft Visual Studio Solution File, Format Version 12.00
# Visual Studio Version 16
VisualStudioVersion = 16.0.29905.134
MinimumVisualStudioVersion = 10.0.40219.1
Project("{FAE04EC0-301F-11D3-BF4B-00C04F79EFBC}") = "Контрол по автотранспорта", "Контрол по автотранспорта\Контрол по автотранспорта.csproj", "{AF890490-FD1E-4226-BABC-CC1A1F0C8159}"
EndProject
Global
	GlobalSection(SolutionConfigurationPlatforms) = preSolution
		Debug|Any CPU = Debug|Any CPU
		Release|Any CPU = Release|Any CPU
	EndGlobalSection
	GlobalSection(ProjectConfigurationPlatforms) = postSolution
		{AF890490-FD1E-4226-BABC-CC1A1F0C8159}.Debug|Any CPU.ActiveCfg = Debug|Any CPU
		{AF890490-FD1E-4226-BABC-CC1A1F0C8159}.Debug|Any CPU.Build.0 = Debug|Any CPU
		{AF890490-FD1E-4226-BABC-CC1A1F0C8159}.Release|Any CPU.ActiveCfg = Release|Any CPU
		{AF890490-FD1E-4226-BABC-CC1A1F0C8159}.Release|Any CPU.Build.0 = Release|Any CPU
	EndGlobalSection
	GlobalSection(SolutionProperties) = preSolution
		HideSolutionNode = FALSE
	EndGlobalSection
	GlobalSection(ExtensibilityGlobals) = postSolution
		SolutionGuid = {4B4FAD96-D6F3-4498-8781-DBFC8FF0B682}
	EndGlobalSection
EndGlobal
